
Microsoft Visual Studio Solution File, Format Version 12.00
# Visual Studio Version 17
VisualStudioVersion = 17.14.37314.3 d17.14
MinimumVisualStudioVersion = 10.0.40219.1
Project("{FAE04EC0-301F-11D3-BF4B-00C04F79EFBC}") = "Ass1", "Ass1.csproj", "{97E6884A-C3FF-4E33-9B2F-5AF872E0B85F}"
EndProject
Global
	GlobalSection(SolutionConfigurationPlatforms) = preSolution
		Debug|Any CPU = Debug|Any CPU
		Release|Any CPU = Release|Any CPU
	EndGlobalSection
	GlobalSection(ProjectConfigurationPlatforms) = postSolution
		{97E6884A-C3FF-4E33-9B2F-5AF872E0B85F}.Debug|Any CPU.ActiveCfg = Debug|Any CPU
		{97E6884A-C3FF-4E33-9B2F-5AF872E0B85F}.Debug|Any CPU.Build.0 = Debug|Any CPU
		{97E6884A-C3FF-4E33-9B2F-5AF872E0B85F}.Release|Any CPU.ActiveCfg = Release|Any CPU
		{97E6884A-C3FF-4E33-9B2F-5AF872E0B85F}.Release|Any CPU.Build.0 = Release|Any CPU
	EndGlobalSection
	GlobalSection(SolutionProperties) = preSolution
		HideSolutionNode = FALSE
	EndGlobalSection
	GlobalSection(ExtensibilityGlobals) = postSolution
		SolutionGuid = {82B67AE7-E2DF-417A-87DA-49559A779342}
	EndGlobalSection
EndGlobal
